
Microsoft Visual Studio Solution File, Format Version 12.00
# Visual Studio Version 17
VisualStudioVersion = 17.11.35312.102
MinimumVisualStudioVersion = 10.0.40219.1
Project("{FAE04EC0-301F-11D3-BF4B-00C04F79EFBC}") = "cts-api", "cts-api.csproj", "{C65CBD48-D689-4D0B-8706-29EB1A67D674}"
EndProject
Project("{9A19103F-16F7-4668-BE54-9A1E7A4F7556}") = "cts-app.Data", "..\cts-app.Data\cts-app.Data.csproj", "{6A0FB665-0BE9-41C0-982B-FE3796966ABC}"
EndProject
Global
	GlobalSection(SolutionConfigurationPlatforms) = preSolution
		Debug|Any CPU = Debug|Any CPU
		Release|Any CPU = Release|Any CPU
	EndGlobalSection
	GlobalSection(ProjectConfigurationPlatforms) = postSolution
		{C65CBD48-D689-4D0B-8706-29EB1A67D674}.Debug|Any CPU.ActiveCfg = Debug|Any CPU
		{C65CBD48-D689-4D0B-8706-29EB1A67D674}.Debug|Any CPU.Build.0 = Debug|Any CPU
		{C65CBD48-D689-4D0B-8706-29EB1A67D674}.Release|Any CPU.ActiveCfg = Release|Any CPU
		{C65CBD48-D689-4D0B-8706-29EB1A67D674}.Release|Any CPU.Build.0 = Release|Any CPU
		{6A0FB665-0BE9-41C0-982B-FE3796966ABC}.Debug|Any CPU.ActiveCfg = Debug|Any CPU
		{6A0FB665-0BE9-41C0-982B-FE3796966ABC}.Debug|Any CPU.Build.0 = Debug|Any CPU
		{6A0FB665-0BE9-41C0-982B-FE3796966ABC}.Release|Any CPU.ActiveCfg = Release|Any CPU
		{6A0FB665-0BE9-41C0-982B-FE3796966ABC}.Release|Any CPU.Build.0 = Release|Any CPU
	EndGlobalSection
	GlobalSection(SolutionProperties) = preSolution
		HideSolutionNode = FALSE
	EndGlobalSection
	GlobalSection(ExtensibilityGlobals) = postSolution
		SolutionGuid = {DF8974EB-B5CC-4C6C-B3B7-FE59B4793ADF}
	EndGlobalSection
EndGlobal
